
Microsoft Visual Studio Solution File, Format Version 12.00
# Visual Studio Version 17
VisualStudioVersion = 17.0.32112.339
MinimumVisualStudioVersion = 10.0.40219.1
Project("{FAE04EC0-301F-11D3-BF4B-00C04F79EFBC}") = "Less_1", "Less_1\Less_1.csproj", "{0FC631A2-A66B-43E8-83F4-A3334451A195}"
EndProject
Global
	GlobalSection(SolutionConfigurationPlatforms) = preSolution
		Debug|Any CPU = Debug|Any CPU
		Release|Any CPU = Release|Any CPU
	EndGlobalSection
	GlobalSection(ProjectConfigurationPlatforms) = postSolution
		{0FC631A2-A66B-43E8-83F4-A3334451A195}.Debug|Any CPU.ActiveCfg = Debug|Any CPU
		{0FC631A2-A66B-43E8-83F4-A3334451A195}.Debug|Any CPU.Build.0 = Debug|Any CPU
		{0FC631A2-A66B-43E8-83F4-A3334451A195}.Release|Any CPU.ActiveCfg = Release|Any CPU
		{0FC631A2-A66B-43E8-83F4-A3334451A195}.Release|Any CPU.Build.0 = Release|Any CPU
	EndGlobalSection
	GlobalSection(SolutionProperties) = preSolution
		HideSolutionNode = FALSE
	EndGlobalSection
	GlobalSection(ExtensibilityGlobals) = postSolution
		SolutionGuid = {04C5CD75-22EB-4213-A49B-CFAD33406E80}
	EndGlobalSection
EndGlobal
